
Microsoft Visual Studio Solution File, Format Version 12.00
# Visual Studio Version 17
VisualStudioVersion = 17.0.32126.317
MinimumVisualStudioVersion = 10.0.40219.1
Project("{F184B08F-C81C-45F6-A57F-5ABD9991F28F}") = "Décimal-Binário", "Décimal-Binário\Décimal-Binário.vbproj", "{EBD9C5B0-91FD-4DD6-BEAC-183676560733}"
EndProject
Global
	GlobalSection(SolutionConfigurationPlatforms) = preSolution
		Debug|Any CPU = Debug|Any CPU
		Release|Any CPU = Release|Any CPU
	EndGlobalSection
	GlobalSection(ProjectConfigurationPlatforms) = postSolution
		{EBD9C5B0-91FD-4DD6-BEAC-183676560733}.Debug|Any CPU.ActiveCfg = Debug|Any CPU
		{EBD9C5B0-91FD-4DD6-BEAC-183676560733}.Debug|Any CPU.Build.0 = Debug|Any CPU
		{EBD9C5B0-91FD-4DD6-BEAC-183676560733}.Release|Any CPU.ActiveCfg = Release|Any CPU
		{EBD9C5B0-91FD-4DD6-BEAC-183676560733}.Release|Any CPU.Build.0 = Release|Any CPU
	EndGlobalSection
	GlobalSection(SolutionProperties) = preSolution
		HideSolutionNode = FALSE
	EndGlobalSection
	GlobalSection(ExtensibilityGlobals) = postSolution
		SolutionGuid = {6B1074A5-7235-439D-9975-787FF2DC9FC8}
	EndGlobalSection
EndGlobal
